{
  "version": "5",
  "specifiers": {
    "npm:hono@^4.6.0": "4.13.9"
  },
  "npm": {
    "hono@4.13.9": {
      "integrity": "sha512-7dMkQmZoC4E6F7AtaQSPhlWAdnBti+j7rreMZl8QB4jFiEhP9TWbGWUMi8WYzBCgmgulxuvLQupKqo+Co6Omyg=="
    }
  },
  "workspace": {
    "dependencies": [
      "npm:@supabase/supabase-js@^2.45.0",
      "npm:hono@^4.6.0"
    ]
  }
}
